
Microsoft Visual Studio Solution File, Format Version 12.00
# Visual Studio Version 17
VisualStudioVersion = 17.7.34024.191
MinimumVisualStudioVersion = 10.0.40219.1
Project("{9A19103F-16F7-4668-BE54-9A1E7A4F7556}") = "Task_1", "Task_1\Task_1.csproj", "{534FDC31-9F3C-4610-ADB7-F3DAA048649A}"
EndProject
Project("{9A19103F-16F7-4668-BE54-9A1E7A4F7556}") = "Task_2", "Task_2\Task_2.csproj", "{2A3BD6EA-29F9-4AB9-8D70-B8D7D832A297}"
EndProject
Project("{9A19103F-16F7-4668-BE54-9A1E7A4F7556}") = "Task_3.Problem_5, Problem_6", "Task_3.Problem_5, Problem_6\Task_3.Problem_5, Problem_6.csproj", "{47839647-7FEB-4E2F-BFCE-263508B322E1}"
EndProject
Project("{FAE04EC0-301F-11D3-BF4B-00C04F79EFBC}") = "Task_4. Problem 7,8,9", "Task_4. Problem 7,8,9\Task_4. Problem 7,8,9.csproj", "{8827AF94-69A2-446B-AAB5-D456B13A6597}"
EndProject
Global
	GlobalSection(SolutionConfigurationPlatforms) = preSolution
		Debug|Any CPU = Debug|Any CPU
		Release|Any CPU = Release|Any CPU
	EndGlobalSection
	GlobalSection(ProjectConfigurationPlatforms) = postSolution
		{534FDC31-9F3C-4610-ADB7-F3DAA048649A}.Debug|Any CPU.ActiveCfg = Debug|Any CPU
		{534FDC31-9F3C-4610-ADB7-F3DAA048649A}.Debug|Any CPU.Build.0 = Debug|Any CPU
		{534FDC31-9F3C-4610-ADB7-F3DAA048649A}.Release|Any CPU.ActiveCfg = Release|Any CPU
		{534FDC31-9F3C-4610-ADB7-F3DAA048649A}.Release|Any CPU.Build.0 = Release|Any CPU
		{2A3BD6EA-29F9-4AB9-8D70-B8D7D832A297}.Debug|Any CPU.ActiveCfg = Debug|Any CPU
		{2A3BD6EA-29F9-4AB9-8D70-B8D7D832A297}.Debug|Any CPU.Build.0 = Debug|Any CPU
		{2A3BD6EA-29F9-4AB9-8D70-B8D7D832A297}.Release|Any CPU.ActiveCfg = Release|Any CPU
		{2A3BD6EA-29F9-4AB9-8D70-B8D7D832A297}.Release|Any CPU.Build.0 = Release|Any CPU
		{47839647-7FEB-4E2F-BFCE-263508B322E1}.Debug|Any CPU.ActiveCfg = Debug|Any CPU
		{47839647-7FEB-4E2F-BFCE-263508B322E1}.Debug|Any CPU.Build.0 = Debug|Any CPU
		{47839647-7FEB-4E2F-BFCE-263508B322E1}.Release|Any CPU.ActiveCfg = Release|Any CPU
		{47839647-7FEB-4E2F-BFCE-263508B322E1}.Release|Any CPU.Build.0 = Release|Any CPU
		{8827AF94-69A2-446B-AAB5-D456B13A6597}.Debug|Any CPU.ActiveCfg = Debug|Any CPU
		{8827AF94-69A2-446B-AAB5-D456B13A6597}.Debug|Any CPU.Build.0 = Debug|Any CPU
		{8827AF94-69A2-446B-AAB5-D456B13A6597}.Release|Any CPU.ActiveCfg = Release|Any CPU
		{8827AF94-69A2-446B-AAB5-D456B13A6597}.Release|Any CPU.Build.0 = Release|Any CPU
	EndGlobalSection
	GlobalSection(SolutionProperties) = preSolution
		HideSolutionNode = FALSE
	EndGlobalSection
	GlobalSection(ExtensibilityGlobals) = postSolution
		SolutionGuid = {FB589733-E443-4EC3-9C88-CEEA4BD1408C}
	EndGlobalSection
EndGlobal
